
Microsoft Visual Studio Solution File, Format Version 12.00
# Visual Studio Version 17
VisualStudioVersion = 17.5.002.0
MinimumVisualStudioVersion = 10.0.40219.1
Project("{9A19103F-16F7-4668-BE54-9A1E7A4F7556}") = "Practice5", "Practice5.csproj", "{AF4D9745-29D4-4184-B191-7B856865712D}"
EndProject
Global
	GlobalSection(SolutionConfigurationPlatforms) = preSolution
		Debug|Any CPU = Debug|Any CPU
		Release|Any CPU = Release|Any CPU
	EndGlobalSection
	GlobalSection(ProjectConfigurationPlatforms) = postSolution
		{AF4D9745-29D4-4184-B191-7B856865712D}.Debug|Any CPU.ActiveCfg = Debug|Any CPU
		{AF4D9745-29D4-4184-B191-7B856865712D}.Debug|Any CPU.Build.0 = Debug|Any CPU
		{AF4D9745-29D4-4184-B191-7B856865712D}.Release|Any CPU.ActiveCfg = Release|Any CPU
		{AF4D9745-29D4-4184-B191-7B856865712D}.Release|Any CPU.Build.0 = Release|Any CPU
		{6B1CC118-EA63-448A-BABE-7912CEB55259}.Debug|Any CPU.ActiveCfg = Debug|Any CPU
		{6B1CC118-EA63-448A-BABE-7912CEB55259}.Debug|Any CPU.Build.0 = Debug|Any CPU
		{6B1CC118-EA63-448A-BABE-7912CEB55259}.Release|Any CPU.ActiveCfg = Release|Any CPU
		{6B1CC118-EA63-448A-BABE-7912CEB55259}.Release|Any CPU.Build.0 = Release|Any CPU
	EndGlobalSection
	GlobalSection(SolutionProperties) = preSolution
		HideSolutionNode = FALSE
	EndGlobalSection
	GlobalSection(ExtensibilityGlobals) = postSolution
		SolutionGuid = {7CF48962-6E62-4937-B7B4-6E802AC0B8FE}
	EndGlobalSection
EndGlobal
